
Microsoft Visual Studio Solution File, Format Version 12.00
# Visual Studio Version 17
VisualStudioVersion = 17.8.34330.188
MinimumVisualStudioVersion = 10.0.40219.1
Project("{9A19103F-16F7-4668-BE54-9A1E7A4F7556}") = "WorkerContracts", "WorkerContracts.csproj", "{AC12CDD8-FD90-4DB2-8B9B-38C56128FF58}"
EndProject
Global
	GlobalSection(SolutionConfigurationPlatforms) = preSolution
		Debug|Any CPU = Debug|Any CPU
		Release|Any CPU = Release|Any CPU
	EndGlobalSection
	GlobalSection(ProjectConfigurationPlatforms) = postSolution
		{AC12CDD8-FD90-4DB2-8B9B-38C56128FF58}.Debug|Any CPU.ActiveCfg = Debug|Any CPU
		{AC12CDD8-FD90-4DB2-8B9B-38C56128FF58}.Debug|Any CPU.Build.0 = Debug|Any CPU
		{AC12CDD8-FD90-4DB2-8B9B-38C56128FF58}.Release|Any CPU.ActiveCfg = Release|Any CPU
		{AC12CDD8-FD90-4DB2-8B9B-38C56128FF58}.Release|Any CPU.Build.0 = Release|Any CPU
	EndGlobalSection
	GlobalSection(SolutionProperties) = preSolution
		HideSolutionNode = FALSE
	EndGlobalSection
	GlobalSection(ExtensibilityGlobals) = postSolution
		SolutionGuid = {32EBBE36-0FC0-433F-9314-2B0FB8EF0592}
	EndGlobalSection
EndGlobal
